
Microsoft Visual Studio Solution File, Format Version 12.00
# Visual Studio 15
VisualStudioVersion = 15.0.28307.168
MinimumVisualStudioVersion = 10.0.40219.1
Project("{FAE04EC0-301F-11D3-BF4B-00C04F79EFBC}") = "Variable", "Variable\Variable.csproj", "{B4AD6B7E-583C-4632-8918-CC084C3BA841}"
EndProject
Global
	GlobalSection(SolutionConfigurationPlatforms) = preSolution
		Debug|Any CPU = Debug|Any CPU
		Release|Any CPU = Release|Any CPU
	EndGlobalSection
	GlobalSection(ProjectConfigurationPlatforms) = postSolution
		{B4AD6B7E-583C-4632-8918-CC084C3BA841}.Debug|Any CPU.ActiveCfg = Debug|Any CPU
		{B4AD6B7E-583C-4632-8918-CC084C3BA841}.Debug|Any CPU.Build.0 = Debug|Any CPU
		{B4AD6B7E-583C-4632-8918-CC084C3BA841}.Release|Any CPU.ActiveCfg = Release|Any CPU
		{B4AD6B7E-583C-4632-8918-CC084C3BA841}.Release|Any CPU.Build.0 = Release|Any CPU
	EndGlobalSection
	GlobalSection(SolutionProperties) = preSolution
		HideSolutionNode = FALSE
	EndGlobalSection
	GlobalSection(ExtensibilityGlobals) = postSolution
		SolutionGuid = {2EC4A561-AC43-44BF-BF4D-AB99CE6A713F}
	EndGlobalSection
EndGlobal
