
Microsoft Visual Studio Solution File, Format Version 12.00
# Visual Studio 15
VisualStudioVersion = 15.0.28307.271
MinimumVisualStudioVersion = 10.0.40219.1
Project("{FAE04EC0-301F-11D3-BF4B-00C04F79EFBC}") = "DoorLock_6Num_Random", "DoorLock_6Num_Random\DoorLock_6Num_Random.csproj", "{ECAFFBBC-DAC2-419A-9A4D-D0C94BDB143C}"
EndProject
Global
	GlobalSection(SolutionConfigurationPlatforms) = preSolution
		Debug|Any CPU = Debug|Any CPU
		Release|Any CPU = Release|Any CPU
	EndGlobalSection
	GlobalSection(ProjectConfigurationPlatforms) = postSolution
		{ECAFFBBC-DAC2-419A-9A4D-D0C94BDB143C}.Debug|Any CPU.ActiveCfg = Debug|Any CPU
		{ECAFFBBC-DAC2-419A-9A4D-D0C94BDB143C}.Debug|Any CPU.Build.0 = Debug|Any CPU
		{ECAFFBBC-DAC2-419A-9A4D-D0C94BDB143C}.Release|Any CPU.ActiveCfg = Release|Any CPU
		{ECAFFBBC-DAC2-419A-9A4D-D0C94BDB143C}.Release|Any CPU.Build.0 = Release|Any CPU
	EndGlobalSection
	GlobalSection(SolutionProperties) = preSolution
		HideSolutionNode = FALSE
	EndGlobalSection
	GlobalSection(ExtensibilityGlobals) = postSolution
		SolutionGuid = {AFF54482-595F-4BD5-A9DD-4451DBE72FF5}
	EndGlobalSection
EndGlobal
